
Microsoft Visual Studio Solution File, Format Version 12.00
# Visual Studio 15
VisualStudioVersion = 15.0.28010.2026
MinimumVisualStudioVersion = 10.0.40219.1
Project("{FAE04EC0-301F-11D3-BF4B-00C04F79EFBC}") = "Project", "Project\Project.csproj", "{E8667F34-FFA2-4F2B-AF82-E6ADB666D249}"
EndProject
Global
	GlobalSection(SolutionConfigurationPlatforms) = preSolution
		Debug|Any CPU = Debug|Any CPU
		Release|Any CPU = Release|Any CPU
	EndGlobalSection
	GlobalSection(ProjectConfigurationPlatforms) = postSolution
		{E8667F34-FFA2-4F2B-AF82-E6ADB666D249}.Debug|Any CPU.ActiveCfg = Debug|Any CPU
		{E8667F34-FFA2-4F2B-AF82-E6ADB666D249}.Debug|Any CPU.Build.0 = Debug|Any CPU
		{E8667F34-FFA2-4F2B-AF82-E6ADB666D249}.Release|Any CPU.ActiveCfg = Release|Any CPU
		{E8667F34-FFA2-4F2B-AF82-E6ADB666D249}.Release|Any CPU.Build.0 = Release|Any CPU
	EndGlobalSection
	GlobalSection(SolutionProperties) = preSolution
		HideSolutionNode = FALSE
	EndGlobalSection
	GlobalSection(ExtensibilityGlobals) = postSolution
		SolutionGuid = {7627012D-937B-4F4A-B38F-C4B0958E2FD1}
	EndGlobalSection
EndGlobal
